
Microsoft Visual Studio Solution File, Format Version 12.00
# Visual Studio Version 16
VisualStudioVersion = 16.0.29709.97
MinimumVisualStudioVersion = 10.0.40219.1
Project("{9A19103F-16F7-4668-BE54-9A1E7A4F7556}") = "ByteDev.Reflection", "src\ByteDev.Reflection\ByteDev.Reflection.csproj", "{DFC37F7F-29F4-4E0B-B4BC-B49F3225AEAC}"
EndProject
Project("{2150E333-8FDC-42A3-9474-1A3956D46DE8}") = "Tests", "Tests", "{87CECBDA-3404-466B-9DFE-E188ADA470DD}"
EndProject
Project("{9A19103F-16F7-4668-BE54-9A1E7A4F7556}") = "ByteDev.Reflection.UnitTests", "test\ByteDev.Reflection.UnitTests\ByteDev.Reflection.UnitTests.csproj", "{2E271ED3-B56E-4988-AA6E-147A1A362C66}"
EndProject
Project("{2150E333-8FDC-42A3-9474-1A3956D46DE8}") = "Docs", "Docs", "{51818C51-69E6-4517-A61C-8BFCBDB16999}"
	ProjectSection(SolutionItems) = preProject
		README.md = README.md
	EndProjectSection
EndProject
Global
	GlobalSection(SolutionConfigurationPlatforms) = preSolution
		Debug|Any CPU = Debug|Any CPU
		Release|Any CPU = Release|Any CPU
	EndGlobalSection
	GlobalSection(ProjectConfigurationPlatforms) = postSolution
		{DFC37F7F-29F4-4E0B-B4BC-B49F3225AEAC}.Debug|Any CPU.ActiveCfg = Debug|Any CPU
		{DFC37F7F-29F4-4E0B-B4BC-B49F3225AEAC}.Debug|Any CPU.Build.0 = Debug|Any CPU
		{DFC37F7F-29F4-4E0B-B4BC-B49F3225AEAC}.Release|Any CPU.ActiveCfg = Release|Any CPU
		{DFC37F7F-29F4-4E0B-B4BC-B49F3225AEAC}.Release|Any CPU.Build.0 = Release|Any CPU
		{2E271ED3-B56E-4988-AA6E-147A1A362C66}.Debug|Any CPU.ActiveCfg = Debug|Any CPU
		{2E271ED3-B56E-4988-AA6E-147A1A362C66}.Debug|Any CPU.Build.0 = Debug|Any CPU
		{2E271ED3-B56E-4988-AA6E-147A1A362C66}.Release|Any CPU.ActiveCfg = Release|Any CPU
		{2E271ED3-B56E-4988-AA6E-147A1A362C66}.Release|Any CPU.Build.0 = Release|Any CPU
	EndGlobalSection
	GlobalSection(SolutionProperties) = preSolution
		HideSolutionNode = FALSE
	EndGlobalSection
	GlobalSection(NestedProjects) = preSolution
		{2E271ED3-B56E-4988-AA6E-147A1A362C66} = {87CECBDA-3404-466B-9DFE-E188ADA470DD}
	EndGlobalSection
	GlobalSection(ExtensibilityGlobals) = postSolution
		SolutionGuid = {EB6E0D93-7F52-4049-AE6E-3282797B82CE}
	EndGlobalSection
EndGlobal
